
Microsoft Visual Studio Solution File, Format Version 12.00
# Visual Studio Version 17
VisualStudioVersion = 17.0.31903.59
MinimumVisualStudioVersion = 10.0.40219.1
Project("{2150E333-8FDC-42A3-9474-1A3956D46DE8}") = "src", "src", "{798C1FED-95F2-40B3-AE2A-572EC1B7D4EA}"
EndProject
Project("{9A19103F-16F7-4668-BE54-9A1E7A4F7556}") = "NarkoCenter.Api", "src\NarkoCenter.Api\NarkoCenter.Api.csproj", "{D2138E67-F374-416F-9A21-88CFB4AD6082}"
EndProject
Project("{FAE04EC0-301F-11D3-BF4B-00C04F79EFBC}") = "NarkoCenter.Domain", "src\NarkoCenter.Domain\NarkoCenter.Domain.csproj", "{BC973CA4-8DC8-4A91-A898-F8AB873AB0D1}"
EndProject
Project("{FAE04EC0-301F-11D3-BF4B-00C04F79EFBC}") = "NarkoCenter.Service", "src\NarkoCenter.Service\NarkoCenter.Service.csproj", "{620B9E9D-BA24-4127-8CE4-DE8C99744DF3}"
EndProject
Project("{FAE04EC0-301F-11D3-BF4B-00C04F79EFBC}") = "NarkoCenter.DataAccess", "src\NarkoCenter.DataAccess\NarkoCenter.DataAccess.csproj", "{245ACBA5-906F-4281-B948-F20919753A6C}"
EndProject
Project("{FAE04EC0-301F-11D3-BF4B-00C04F79EFBC}") = "Autorization", "src\Autorization\Autorization.csproj", "{B951EC22-BD96-4AD2-BB67-AAC86ED154C1}"
EndProject
Project("{FAE04EC0-301F-11D3-BF4B-00C04F79EFBC}") = "NarkoCenter.TelegramBot", "src\NarkoCenter.TelegramBot\NarkoCenter.TelegramBot.csproj", "{A1E5895D-3130-41B2-9A47-876FA7E95AFA}"
EndProject
Global
	GlobalSection(SolutionConfigurationPlatforms) = preSolution
		Debug|Any CPU = Debug|Any CPU
		Release|Any CPU = Release|Any CPU
	EndGlobalSection
	GlobalSection(ProjectConfigurationPlatforms) = postSolution
		{D2138E67-F374-416F-9A21-88CFB4AD6082}.Debug|Any CPU.ActiveCfg = Debug|Any CPU
		{D2138E67-F374-416F-9A21-88CFB4AD6082}.Debug|Any CPU.Build.0 = Debug|Any CPU
		{D2138E67-F374-416F-9A21-88CFB4AD6082}.Release|Any CPU.ActiveCfg = Release|Any CPU
		{D2138E67-F374-416F-9A21-88CFB4AD6082}.Release|Any CPU.Build.0 = Release|Any CPU
		{BC973CA4-8DC8-4A91-A898-F8AB873AB0D1}.Debug|Any CPU.ActiveCfg = Debug|Any CPU
		{BC973CA4-8DC8-4A91-A898-F8AB873AB0D1}.Debug|Any CPU.Build.0 = Debug|Any CPU
		{BC973CA4-8DC8-4A91-A898-F8AB873AB0D1}.Release|Any CPU.ActiveCfg = Release|Any CPU
		{BC973CA4-8DC8-4A91-A898-F8AB873AB0D1}.Release|Any CPU.Build.0 = Release|Any CPU
		{620B9E9D-BA24-4127-8CE4-DE8C99744DF3}.Debug|Any CPU.ActiveCfg = Debug|Any CPU
		{620B9E9D-BA24-4127-8CE4-DE8C99744DF3}.Debug|Any CPU.Build.0 = Debug|Any CPU
		{620B9E9D-BA24-4127-8CE4-DE8C99744DF3}.Release|Any CPU.ActiveCfg = Release|Any CPU
		{620B9E9D-BA24-4127-8CE4-DE8C99744DF3}.Release|Any CPU.Build.0 = Release|Any CPU
		{245ACBA5-906F-4281-B948-F20919753A6C}.Debug|Any CPU.ActiveCfg = Debug|Any CPU
		{245ACBA5-906F-4281-B948-F20919753A6C}.Debug|Any CPU.Build.0 = Debug|Any CPU
		{245ACBA5-906F-4281-B948-F20919753A6C}.Release|Any CPU.ActiveCfg = Release|Any CPU
		{245ACBA5-906F-4281-B948-F20919753A6C}.Release|Any CPU.Build.0 = Release|Any CPU
		{B951EC22-BD96-4AD2-BB67-AAC86ED154C1}.Debug|Any CPU.ActiveCfg = Debug|Any CPU
		{B951EC22-BD96-4AD2-BB67-AAC86ED154C1}.Debug|Any CPU.Build.0 = Debug|Any CPU
		{B951EC22-BD96-4AD2-BB67-AAC86ED154C1}.Release|Any CPU.ActiveCfg = Release|Any CPU
		{B951EC22-BD96-4AD2-BB67-AAC86ED154C1}.Release|Any CPU.Build.0 = Release|Any CPU
		{A1E5895D-3130-41B2-9A47-876FA7E95AFA}.Debug|Any CPU.ActiveCfg = Debug|Any CPU
		{A1E5895D-3130-41B2-9A47-876FA7E95AFA}.Debug|Any CPU.Build.0 = Debug|Any CPU
		{A1E5895D-3130-41B2-9A47-876FA7E95AFA}.Release|Any CPU.ActiveCfg = Release|Any CPU
		{A1E5895D-3130-41B2-9A47-876FA7E95AFA}.Release|Any CPU.Build.0 = Release|Any CPU
	EndGlobalSection
	GlobalSection(SolutionProperties) = preSolution
		HideSolutionNode = FALSE
	EndGlobalSection
	GlobalSection(NestedProjects) = preSolution
		{D2138E67-F374-416F-9A21-88CFB4AD6082} = {798C1FED-95F2-40B3-AE2A-572EC1B7D4EA}
		{BC973CA4-8DC8-4A91-A898-F8AB873AB0D1} = {798C1FED-95F2-40B3-AE2A-572EC1B7D4EA}
		{620B9E9D-BA24-4127-8CE4-DE8C99744DF3} = {798C1FED-95F2-40B3-AE2A-572EC1B7D4EA}
		{245ACBA5-906F-4281-B948-F20919753A6C} = {798C1FED-95F2-40B3-AE2A-572EC1B7D4EA}
		{B951EC22-BD96-4AD2-BB67-AAC86ED154C1} = {798C1FED-95F2-40B3-AE2A-572EC1B7D4EA}
		{A1E5895D-3130-41B2-9A47-876FA7E95AFA} = {798C1FED-95F2-40B3-AE2A-572EC1B7D4EA}
	EndGlobalSection
	GlobalSection(ExtensibilityGlobals) = postSolution
		SolutionGuid = {7FD97311-CFC3-4D35-A505-C6D3315C9B66}
	EndGlobalSection
EndGlobal
