
Microsoft Visual Studio Solution File, Format Version 12.00
# Visual Studio Version 17
VisualStudioVersion = 17.0.31903.59
MinimumVisualStudioVersion = 10.0.40219.1
Project("{2150E333-8FDC-42A3-9474-1A3956D46DE8}") = "src", "src", "{798C1FED-95F2-40B3-AE2A-572EC1B7D4EA}"
EndProject
Project("{FAE04EC0-301F-11D3-BF4B-00C04F79EFBC}") = "NarkoCenter.Api", "src\NarkoCenter.Api\NarkoCenter.Api.csproj", "{D2138E67-F374-416F-9A21-88CFB4AD6082}"
EndProject
Global
	GlobalSection(SolutionConfigurationPlatforms) = preSolution
		Debug|Any CPU = Debug|Any CPU
		Release|Any CPU = Release|Any CPU
	EndGlobalSection
	GlobalSection(ProjectConfigurationPlatforms) = postSolution
		{D2138E67-F374-416F-9A21-88CFB4AD6082}.Debug|Any CPU.ActiveCfg = Debug|Any CPU
		{D2138E67-F374-416F-9A21-88CFB4AD6082}.Debug|Any CPU.Build.0 = Debug|Any CPU
		{D2138E67-F374-416F-9A21-88CFB4AD6082}.Release|Any CPU.ActiveCfg = Release|Any CPU
		{D2138E67-F374-416F-9A21-88CFB4AD6082}.Release|Any CPU.Build.0 = Release|Any CPU
	EndGlobalSection
	GlobalSection(SolutionProperties) = preSolution
		HideSolutionNode = FALSE
	EndGlobalSection
	GlobalSection(NestedProjects) = preSolution
		{D2138E67-F374-416F-9A21-88CFB4AD6082} = {798C1FED-95F2-40B3-AE2A-572EC1B7D4EA}
	EndGlobalSection
EndGlobal
